
Microsoft Visual Studio Solution File, Format Version 12.00
# Visual Studio 14
VisualStudioVersion = 14.0.25123.0
MinimumVisualStudioVersion = 10.0.40219.1
Project("{FAE04EC0-301F-11D3-BF4B-00C04F79EFBC}") = "Manga checker (WPF)", "Manga checker (WPF)\Manga checker (WPF).csproj", "{6CF1A28E-745A-46F3-A20D-A2D511EAE031}"
EndProject
Global
	GlobalSection(SolutionConfigurationPlatforms) = preSolution
		Debug|Any CPU = Debug|Any CPU
		Release|Any CPU = Release|Any CPU
	EndGlobalSection
	GlobalSection(ProjectConfigurationPlatforms) = postSolution
		{6CF1A28E-745A-46F3-A20D-A2D511EAE031}.Debug|Any CPU.ActiveCfg = Debug|Any CPU
		{6CF1A28E-745A-46F3-A20D-A2D511EAE031}.Debug|Any CPU.Build.0 = Debug|Any CPU
		{6CF1A28E-745A-46F3-A20D-A2D511EAE031}.Release|Any CPU.ActiveCfg = Release|Any CPU
		{6CF1A28E-745A-46F3-A20D-A2D511EAE031}.Release|Any CPU.Build.0 = Release|Any CPU
	EndGlobalSection
	GlobalSection(SolutionProperties) = preSolution
		HideSolutionNode = FALSE
	EndGlobalSection
EndGlobal
