
Microsoft Visual Studio Solution File, Format Version 12.00
# Visual Studio 14
VisualStudioVersion = 14.0.25420.1
MinimumVisualStudioVersion = 10.0.40219.1
Project("{FAE04EC0-301F-11D3-BF4B-00C04F79EFBC}") = "MangaChecker", "Manga checker (WPF)\MangaChecker.csproj", "{6CF1A28E-745A-46F3-A20D-A2D511EAE031}"
EndProject
Project("{FAE04EC0-301F-11D3-BF4B-00C04F79EFBC}") = "Plugins", "Plugins\Plugins.csproj", "{326A94C3-CCE3-4F2F-B427-14F867D73AC3}"
EndProject
Project("{FAE04EC0-301F-11D3-BF4B-00C04F79EFBC}") = "Test_Plugin", "Test_Plugin\Test_Plugin.csproj", "{AA8AAA7F-B272-4737-93D6-27450EF19812}"
EndProject
Global
	GlobalSection(SolutionConfigurationPlatforms) = preSolution
		Debug|Any CPU = Debug|Any CPU
		Release|Any CPU = Release|Any CPU
	EndGlobalSection
	GlobalSection(ProjectConfigurationPlatforms) = postSolution
		{6CF1A28E-745A-46F3-A20D-A2D511EAE031}.Debug|Any CPU.ActiveCfg = Debug|Any CPU
		{6CF1A28E-745A-46F3-A20D-A2D511EAE031}.Debug|Any CPU.Build.0 = Debug|Any CPU
		{6CF1A28E-745A-46F3-A20D-A2D511EAE031}.Release|Any CPU.ActiveCfg = Release|Any CPU
		{6CF1A28E-745A-46F3-A20D-A2D511EAE031}.Release|Any CPU.Build.0 = Release|Any CPU
		{326A94C3-CCE3-4F2F-B427-14F867D73AC3}.Debug|Any CPU.ActiveCfg = Debug|Any CPU
		{326A94C3-CCE3-4F2F-B427-14F867D73AC3}.Debug|Any CPU.Build.0 = Debug|Any CPU
		{326A94C3-CCE3-4F2F-B427-14F867D73AC3}.Release|Any CPU.ActiveCfg = Release|Any CPU
		{326A94C3-CCE3-4F2F-B427-14F867D73AC3}.Release|Any CPU.Build.0 = Release|Any CPU
		{AA8AAA7F-B272-4737-93D6-27450EF19812}.Debug|Any CPU.ActiveCfg = Debug|Any CPU
		{AA8AAA7F-B272-4737-93D6-27450EF19812}.Debug|Any CPU.Build.0 = Debug|Any CPU
		{AA8AAA7F-B272-4737-93D6-27450EF19812}.Release|Any CPU.ActiveCfg = Release|Any CPU
		{AA8AAA7F-B272-4737-93D6-27450EF19812}.Release|Any CPU.Build.0 = Release|Any CPU
	EndGlobalSection
	GlobalSection(SolutionProperties) = preSolution
		HideSolutionNode = FALSE
	EndGlobalSection
EndGlobal
